
Microsoft Visual Studio Solution File, Format Version 12.00
# Visual Studio Version 16
VisualStudioVersion = 16.0.29025.244
MinimumVisualStudioVersion = 10.0.40219.1
Project("{FAE04EC0-301F-11D3-BF4B-00C04F79EFBC}") = "App_MetroCali", "App_MetroCali\App_MetroCali.csproj", "{BF3E6AA2-BC4D-4C92-837C-EA366AE10595}"
EndProject
Global
	GlobalSection(SolutionConfigurationPlatforms) = preSolution
		Debug|Any CPU = Debug|Any CPU
		Release|Any CPU = Release|Any CPU
	EndGlobalSection
	GlobalSection(ProjectConfigurationPlatforms) = postSolution
		{BF3E6AA2-BC4D-4C92-837C-EA366AE10595}.Debug|Any CPU.ActiveCfg = Debug|Any CPU
		{BF3E6AA2-BC4D-4C92-837C-EA366AE10595}.Debug|Any CPU.Build.0 = Debug|Any CPU
		{BF3E6AA2-BC4D-4C92-837C-EA366AE10595}.Release|Any CPU.ActiveCfg = Release|Any CPU
		{BF3E6AA2-BC4D-4C92-837C-EA366AE10595}.Release|Any CPU.Build.0 = Release|Any CPU
	EndGlobalSection
	GlobalSection(SolutionProperties) = preSolution
		HideSolutionNode = FALSE
	EndGlobalSection
	GlobalSection(ExtensibilityGlobals) = postSolution
		SolutionGuid = {5000068C-617B-4432-A743-2D3887F5097D}
	EndGlobalSection
EndGlobal
